
Microsoft Visual Studio Solution File, Format Version 12.00
# Visual Studio Version 17
VisualStudioVersion = 17.10.34916.146
MinimumVisualStudioVersion = 10.0.40219.1
Project("{FAE04EC0-301F-11D3-BF4B-00C04F79EFBC}") = "ООП Курсовая Тында", "ООП Курсовая Тында\ООП Курсовая Тында.csproj", "{91B2891C-11D7-4D0B-A4E7-E224EDD17021}"
EndProject
Global
	GlobalSection(SolutionConfigurationPlatforms) = preSolution
		Debug|Any CPU = Debug|Any CPU
		Release|Any CPU = Release|Any CPU
	EndGlobalSection
	GlobalSection(ProjectConfigurationPlatforms) = postSolution
		{91B2891C-11D7-4D0B-A4E7-E224EDD17021}.Debug|Any CPU.ActiveCfg = Debug|Any CPU
		{91B2891C-11D7-4D0B-A4E7-E224EDD17021}.Debug|Any CPU.Build.0 = Debug|Any CPU
		{91B2891C-11D7-4D0B-A4E7-E224EDD17021}.Release|Any CPU.ActiveCfg = Release|Any CPU
		{91B2891C-11D7-4D0B-A4E7-E224EDD17021}.Release|Any CPU.Build.0 = Release|Any CPU
	EndGlobalSection
	GlobalSection(SolutionProperties) = preSolution
		HideSolutionNode = FALSE
	EndGlobalSection
	GlobalSection(ExtensibilityGlobals) = postSolution
		SolutionGuid = {01039179-9BB0-40B8-A710-FC8D461B5CFF}
	EndGlobalSection
EndGlobal
